
Microsoft Visual Studio Solution File, Format Version 12.00
# Visual Studio Version 17
VisualStudioVersion = 17.0.32002.185
MinimumVisualStudioVersion = 10.0.40219.1
Project("{888888A0-9F3D-457C-B088-3A5042F75D52}") = "ElectronicsInPython", "ElectronicsInPython\ElectronicsInPython.pyproj", "{CF484CCF-CDD7-4E83-97FD-1AEB84394043}"
EndProject
Global
	GlobalSection(SolutionConfigurationPlatforms) = preSolution
		Debug|Any CPU = Debug|Any CPU
		Release|Any CPU = Release|Any CPU
	EndGlobalSection
	GlobalSection(ProjectConfigurationPlatforms) = postSolution
		{CF484CCF-CDD7-4E83-97FD-1AEB84394043}.Debug|Any CPU.ActiveCfg = Debug|Any CPU
		{CF484CCF-CDD7-4E83-97FD-1AEB84394043}.Release|Any CPU.ActiveCfg = Release|Any CPU
	EndGlobalSection
	GlobalSection(SolutionProperties) = preSolution
		HideSolutionNode = FALSE
	EndGlobalSection
	GlobalSection(ExtensibilityGlobals) = postSolution
		SolutionGuid = {CE41ACF6-D203-419A-990B-1C5BE63E13E2}
	EndGlobalSection
EndGlobal
